
Microsoft Visual Studio Solution File, Format Version 12.00
# Visual Studio Version 17
VisualStudioVersion = 17.8.34316.72
MinimumVisualStudioVersion = 10.0.40219.1
Project("{FAE04EC0-301F-11D3-BF4B-00C04F79EFBC}") = "WinFormsApp3", "WinFormsApp3\WinFormsApp3.csproj", "{CE27B934-5DDC-40BE-BEF2-F255E82B2E16}"
EndProject
Global
	GlobalSection(SolutionConfigurationPlatforms) = preSolution
		Debug|Any CPU = Debug|Any CPU
		Release|Any CPU = Release|Any CPU
	EndGlobalSection
	GlobalSection(ProjectConfigurationPlatforms) = postSolution
		{CE27B934-5DDC-40BE-BEF2-F255E82B2E16}.Debug|Any CPU.ActiveCfg = Debug|Any CPU
		{CE27B934-5DDC-40BE-BEF2-F255E82B2E16}.Debug|Any CPU.Build.0 = Debug|Any CPU
		{CE27B934-5DDC-40BE-BEF2-F255E82B2E16}.Release|Any CPU.ActiveCfg = Release|Any CPU
		{CE27B934-5DDC-40BE-BEF2-F255E82B2E16}.Release|Any CPU.Build.0 = Release|Any CPU
	EndGlobalSection
	GlobalSection(SolutionProperties) = preSolution
		HideSolutionNode = FALSE
	EndGlobalSection
	GlobalSection(ExtensibilityGlobals) = postSolution
		SolutionGuid = {49862D56-B3E0-48B1-A609-E5B56E0FAFFD}
	EndGlobalSection
EndGlobal
